// !$*UTF8*$!
{
	archiveVersion = 1;
	classes = {
	};
	objectVersion = 46;
	objects = {

/* Begin PBXBuildFile section */
		0B2FEA461A87AF30006DA50E /* main.m in Sources */ = {isa = PBXBuildFile; fileRef = 0B2FEA451A87AF30006DA50E /* main.m */; };
		0B2FEA491A87AF30006DA50E /* AppDelegate.m in Sources */ = {isa = PBXBuildFile; fileRef = 0B2FEA481A87AF30006DA50E /* AppDelegate.m */; };
		0B2FEA4C1A87AF30006DA50E /* ViewController.m in Sources */ = {isa = PBXBuildFile; fileRef = 0B2FEA4B1A87AF30006DA50E /* ViewController.m */; };
		0B2FEA4F1A87AF30006DA50E /* Main.storyboard in Resources */ = {isa = PBXBuildFile; fileRef = 0B2FEA4D1A87AF30006DA50E /* Main.storyboard */; };
		0B2FEA511A87AF30006DA50E /* Images.xcassets in Resources */ = {isa = PBXBuildFile; fileRef = 0B2FEA501A87AF30006DA50E /* Images.xcassets */; };
		0B2FEA541A87AF30006DA50E /* LaunchScreen.xib in Resources */ = {isa = PBXBuildFile; fileRef = 0B2FEA521A87AF30006DA50E /* LaunchScreen.xib */; };
		0B2FEA601A87AF30006DA50E /* webViewTests.m in Sources */ = {isa = PBXBuildFile; fileRef = 0B2FEA5F1A87AF30006DA50E /* webViewTests.m */; };
/* End PBXBuildFile section */

/* Begin PBXContainerItemProxy section */
		0B2FEA5A1A87AF30006DA50E /* PBXContainerItemProxy */ = {
			isa = PBXContainerItemProxy;
			containerPortal = 0B2FEA381A87AF30006DA50E /* Project object */;
			proxyType = 1;
			remoteGlobalIDString = 0B2FEA3F1A87AF30006DA50E;
			remoteInfo = webView;
		};
/* End PBXContainerItemProxy section */

/* Begin PBXFileReference section */
		0B2FEA401A87AF30006DA50E /* webView.app */ = {isa = PBXFileReference; explicitFileType = wrapper.application; includeInIndex = 0; path = webView.app; sourceTree = BUILT_PRODUCTS_DIR; };
		0B2FEA441A87AF30006DA50E /* Info.plist */ = {isa = PBXFileReference; lastKnownFileType = text.plist.xml; path = Info.plist; sourceTree = "<group>"; };
		0B2FEA451A87AF30006DA50E /* main.m */ = {isa = PBXFileReference; lastKnownFileType = sourcecode.c.objc; path = main.m; sourceTree = "<group>"; };
		0B2FEA471A87AF30006DA50E /* AppDelegate.h */ = {isa = PBXFileReference; lastKnownFileType = sourcecode.c.h; path = AppDelegate.h; sourceTree = "<group>"; };
		0B2FEA481A87AF30006DA50E /* AppDelegate.m */ = {isa = PBXFileReference; lastKnownFileType = sourcecode.c.objc; path = AppDelegate.m; sourceTree = "<group>"; };
		0B2FEA4A1A87AF30006DA50E /* ViewController.h */ = {isa = PBXFileReference; lastKnownFileType = sourcecode.c.h; path = ViewController.h; sourceTree = "<group>"; };
		0B2FEA4B1A87AF30006DA50E /* ViewController.m */ = {isa = PBXFileReference; lastKnownFileType = sourcecode.c.objc; path = ViewController.m; sourceTree = "<group>"; };
		0B2FEA4E1A87AF30006DA50E /* Base */ = {isa = PBXFileReference; lastKnownFileType = file.storyboard; name = Base; path = Base.lproj/Main.storyboard; sourceTree = "<group>"; };
		0B2FEA501A87AF30006DA50E /* Images.xcassets */ = {isa = PBXFileReference; lastKnownFileType = folder.assetcatalog; path = Images.xcassets; sourceTree = "<group>"; };
		0B2FEA531A87AF30006DA50E /* Base */ = {isa = PBXFileReference; lastKnownFileType = file.xib; name = Base; path = Base.lproj/LaunchScreen.xib; sourceTree = "<group>"; };
		0B2FEA591A87AF30006DA50E /* webViewTests.xctest */ = {isa = PBXFileReference; explicitFileType = wrapper.cfbundle; includeInIndex = 0; path = webViewTests.xctest; sourceTree = BUILT_PRODUCTS_DIR; };
		0B2FEA5E1A87AF30006DA50E /* Info.plist */ = {isa = PBXFileReference; lastKnownFileType = text.plist.xml; path = Info.plist; sourceTree = "<group>"; };
		0B2FEA5F1A87AF30006DA50E /* webViewTests.m */ = {isa = PBXFileReference; lastKnownFileType = sourcecode.c.objc; path = webViewTests.m; sourceTree = "<group>"; };
/* End PBXFileReference section */

/* Begin PBXFrameworksBuildPhase section */
		0B2FEA3D1A87AF30006DA50E /* Frameworks */ = {
			isa = PBXFrameworksBuildPhase;
			buildActionMask = 2147483647;
			files = (
			);
			runOnlyForDeploymentPostprocessing = 0;
		};
		0B2FEA561A87AF30006DA50E /* Frameworks */ = {
			isa = PBXFrameworksBuildPhase;
			buildActionMask = 2147483647;
			files = (
			);
			runOnlyForDeploymentPostprocessing = 0;
		};
/* End PBXFrameworksBuildPhase section */

/* Begin PBXGroup section */
		0B2FEA371A87AF30006DA50E = {
			isa = PBXGroup;
			children = (
				0B2FEA421A87AF30006DA50E /* webView */,
				0B2FEA5C1A87AF30006DA50E /* webViewTests */,
				0B2FEA411A87AF30006DA50E /* Products */,
			);
			sourceTree = "<group>";
		};
		0B2FEA411A87AF30006DA50E /* Products */ = {
			isa = PBXGroup;
			children = (
				0B2FEA401A87AF30006DA50E /* webView.app */,
				0B2FEA591A87AF30006DA50E /* webViewTests.xctest */,
			);
			name = Products;
			sourceTree = "<group>";
		};
		0B2FEA421A87AF30006DA50E /* webView */ = {
			isa = PBXGroup;
			children = (
				0B2FEA471A87AF30006DA50E /* AppDelegate.h */,
				0B2FEA481A87AF30006DA50E /* AppDelegate.m */,
				0B2FEA4A1A87AF30006DA50E /* ViewController.h */,
				0B2FEA4B1A87AF30006DA50E /* ViewController.m */,
				0B2FEA4D1A87AF30006DA50E /* Main.storyboard */,
				0B2FEA501A87AF30006DA50E /* Images.xcassets */,
				0B2FEA521A87AF30006DA50E /* LaunchScreen.xib */,
				0B2FEA431A87AF30006DA50E /* Supporting Files */,
			);
			path = webView;
			sourceTree = "<group>";
		};
		0B2FEA431A87AF30006DA50E /* Supporting Files */ = {
			isa = PBXGroup;
			children = (
				0B2FEA441A87AF30006DA50E /* Info.plist */,
				0B2FEA451A87AF30006DA50E /* main.m */,
			);
			name = "Supporting Files";
			sourceTree = "<group>";
		};
		0B2FEA5C1A87AF30006DA50E /* webViewTests */ = {
			isa = PBXGroup;
			children = (
				0B2FEA5F1A87AF30006DA50E /* webViewTests.m */,
				0B2FEA5D1A87AF30006DA50E /* Supporting Files */,
			);
			path = webViewTests;
			sourceTree = "<group>";
		};
		0B2FEA5D1A87AF30006DA50E /* Supporting Files */ = {
			isa = PBXGroup;
			children = (
				0B2FEA5E1A87AF30006DA50E /* Info.plist */,
			);
			name = "Supporting Files";
			sourceTree = "<group>";
		};
/* End PBXGroup section */

/* Begin PBXNativeTarget section */
		0B2FEA3F1A87AF30006DA50E /* webView */ = {
			isa = PBXNativeTarget;
			buildConfigurationList = 0B2FEA631A87AF30006DA50E /* Build configuration list for PBXNativeTarget "webView" */;
			buildPhases = (
				0B2FEA3C1A87AF30006DA50E /* Sources */,
				0B2FEA3D1A87AF30006DA50E /* Frameworks */,
				0B2FEA3E1A87AF30006DA50E /* Resources */,
			);
			buildRules = (
			);
			dependencies = (
			);
			name = webView;
			productName = webView;
			productReference = 0B2FEA401A87AF30006DA50E /* webView.app */;
			productType = "com.apple.product-type.application";
		};
		0B2FEA581A87AF30006DA50E /* webViewTests */ = {
			isa = PBXNativeTarget;
			buildConfigurationList = 0B2FEA661A87AF30006DA50E /* Build configuration list for PBXNativeTarget "webViewTests" */;
			buildPhases = (
				0B2FEA551A87AF30006DA50E /* Sources */,
				0B2FEA561A87AF30006DA50E /* Frameworks */,
				0B2FEA571A87AF30006DA50E /* Resources */,
			);
			buildRules = (
			);
			dependencies = (
				0B2FEA5B1A87AF30006DA50E /* PBXTargetDependency */,
			);
			name = webViewTests;
			productName = webViewTests;
			productReference = 0B2FEA591A87AF30006DA50E /* webViewTests.xctest */;
			productType = "com.apple.product-type.bundle.unit-test";
		};
/* End PBXNativeTarget section */

/* Begin PBXProject section */
		0B2FEA381A87AF30006DA50E /* Project object */ = {
			isa = PBXProject;
			attributes = {
				LastUpgradeCheck = 0610;
				ORGANIZATIONNAME = "ZhiFei(qiuzhifei521@gmail.com)";
				TargetAttributes = {
					0B2FEA3F1A87AF30006DA50E = {
						CreatedOnToolsVersion = 6.1.1;
					};
					0B2FEA581A87AF30006DA50E = {
						CreatedOnToolsVersion = 6.1.1;
						TestTargetID = 0B2FEA3F1A87AF30006DA50E;
					};
				};
			};
			buildConfigurationList = 0B2FEA3B1A87AF30006DA50E /* Build configuration list for PBXProject "webView" */;
			compatibilityVersion = "Xcode 3.2";
			developmentRegion = English;
			hasScannedForEncodings = 0;
			knownRegions = (
				en,
				Base,
			);
			mainGroup = 0B2FEA371A87AF30006DA50E;
			productRefGroup = 0B2FEA411A87AF30006DA50E /* Products */;
			projectDirPath = "";
			projectRoot = "";
			targets = (
				0B2FEA3F1A87AF30006DA50E /* webView */,
				0B2FEA581A87AF30006DA50E /* webViewTests */,
			);
		};
/* End PBXProject section */

/* Begin PBXResourcesBuildPhase section */
		0B2FEA3E1A87AF30006DA50E /* Resources */ = {
			isa = PBXResourcesBuildPhase;
			buildActionMask = 2147483647;
			files = (
				0B2FEA4F1A87AF30006DA50E /* Main.storyboard in Resources */,
				0B2FEA541A87AF30006DA50E /* LaunchScreen.xib in Resources */,
				0B2FEA511A87AF30006DA50E /* Images.xcassets in Resources */,
			);
			runOnlyForDeploymentPostprocessing = 0;
		};
		0B2FEA571A87AF30006DA50E /* Resources */ = {
			isa = PBXResourcesBuildPhase;
			buildActionMask = 2147483647;
			files = (
			);
			runOnlyForDeploymentPostprocessing = 0;
		};
/* End PBXResourcesBuildPhase section */

/* Begin PBXSourcesBuildPhase section */
		0B2FEA3C1A87AF30006DA50E /* Sources */ = {
			isa = PBXSourcesBuildPhase;
			buildActionMask = 2147483647;
			files = (
				0B2FEA4C1A87AF30006DA50E /* ViewController.m in Sources */,
				0B2FEA491A87AF30006DA50E /* AppDelegate.m in Sources */,
				0B2FEA461A87AF30006DA50E /* main.m in Sources */,
			);
			runOnlyForDeploymentPostprocessing = 0;
		};
		0B2FEA551A87AF30006DA50E /* Sources */ = {
			isa = PBXSourcesBuildPhase;
			buildActionMask = 2147483647;
			files = (
				0B2FEA601A87AF30006DA50E /* webViewTests.m in Sources */,
			);
			runOnlyForDeploymentPostprocessing = 0;
		};
/* End PBXSourcesBuildPhase section */

/* Begin PBXTargetDependency section */
		0B2FEA5B1A87AF30006DA50E /* PBXTargetDependency */ = {
			isa = PBXTargetDependency;
			target = 0B2FEA3F1A87AF30006DA50E /* webView */;
			targetProxy = 0B2FEA5A1A87AF30006DA50E /* PBXContainerItemProxy */;
		};
/* End PBXTargetDependency section */

/* Begin PBXVariantGroup section */
		0B2FEA4D1A87AF30006DA50E /* Main.storyboard */ = {
			isa = PBXVariantGroup;
			children = (
				0B2FEA4E1A87AF30006DA50E /* Base */,
			);
			name = Main.storyboard;
			sourceTree = "<group>";
		};
		0B2FEA521A87AF30006DA50E /* LaunchScreen.xib */ = {
			isa = PBXVariantGroup;
			children = (
				0B2FEA531A87AF30006DA50E /* Base */,
			);
			name = LaunchScreen.xib;
			sourceTree = "<group>";
		};
/* End PBXVariantGroup section */

/* Begin XCBuildConfiguration section */
		0B2FEA611A87AF30006DA50E /* Debug */ = {
			isa = XCBuildConfiguration;
			buildSettings = {
				ALWAYS_SEARCH_USER_PATHS = NO;
				CLANG_CXX_LANGUAGE_STANDARD = "gnu++0x";
				CLANG_CXX_LIBRARY = "libc++";
				CLANG_ENABLE_MODULES = YES;
				CLANG_ENABLE_OBJC_ARC = YES;
				CLANG_WARN_BOOL_CONVERSION = YES;
				CLANG_WARN_CONSTANT_CONVERSION = YES;
				CLANG_WARN_DIRECT_OBJC_ISA_USAGE = YES_ERROR;
				CLANG_WARN_EMPTY_BODY = YES;
				CLANG_WARN_ENUM_CONVERSION = YES;
				CLANG_WARN_INT_CONVERSION = YES;
				CLANG_WARN_OBJC_ROOT_CLASS = YES_ERROR;
				CLANG_WARN_UNREACHABLE_CODE = YES;
				CLANG_WARN__DUPLICATE_METHOD_MATCH = YES;
				"CODE_SIGN_IDENTITY[sdk=iphoneos*]" = "iPhone Developer";
				COPY_PHASE_STRIP = NO;
				ENABLE_STRICT_OBJC_MSGSEND = YES;
				GCC_C_LANGUAGE_STANDARD = gnu99;
				GCC_DYNAMIC_NO_PIC = NO;
				GCC_OPTIMIZATION_LEVEL = 0;
				GCC_PREPROCESSOR_DEFINITIONS = (
					"DEBUG=1",
					"$(inherited)",
				);
				GCC_SYMBOLS_PRIVATE_EXTERN = NO;
				GCC_WARN_64_TO_32_BIT_CONVERSION = YES;
				GCC_WARN_ABOUT_RETURN_TYPE = YES_ERROR;
				GCC_WARN_UNDECLARED_SELECTOR = YES;
				GCC_WARN_UNINITIALIZED_AUTOS = YES_AGGRESSIVE;
				GCC_WARN_UNUSED_FUNCTION = YES;
				GCC_WARN_UNUSED_VARIABLE = YES;
				IPHONEOS_DEPLOYMENT_TARGET = 8.1;
				MTL_ENABLE_DEBUG_INFO = YES;
				ONLY_ACTIVE_ARCH = YES;
				SDKROOT = iphoneos;
			};
			name = Debug;
		};
		0B2FEA621A87AF30006DA50E /* Release */ = {
			isa = XCBuildConfiguration;
			buildSettings = {
				ALWAYS_SEARCH_USER_PATHS = NO;
				CLANG_CXX_LANGUAGE_STANDARD = "gnu++0x";
				CLANG_CXX_LIBRARY = "libc++";
				CLANG_ENABLE_MODULES = YES;
				CLANG_ENABLE_OBJC_ARC = YES;
				CLANG_WARN_BOOL_CONVERSION = YES;
				CLANG_WARN_CONSTANT_CONVERSION = YES;
				CLANG_WARN_DIRECT_OBJC_ISA_USAGE = YES_ERROR;
				CLANG_WARN_EMPTY_BODY = YES;
				CLANG_WARN_ENUM_CONVERSION = YES;
				CLANG_WARN_INT_CONVERSION = YES;
				CLANG_WARN_OBJC_ROOT_CLASS = YES_ERROR;
				CLANG_WARN_UNREACHABLE_CODE = YES;
				CLANG_WARN__DUPLICATE_METHOD_MATCH = YES;
				"CODE_SIGN_IDENTITY[sdk=iphoneos*]" = "iPhone Developer";
				COPY_PHASE_STRIP = YES;
				ENABLE_NS_ASSERTIONS = NO;
				ENABLE_STRICT_OBJC_MSGSEND = YES;
				GCC_C_LANGUAGE_STANDARD = gnu99;
				GCC_WARN_64_TO_32_BIT_CONVERSION = YES;
				GCC_WARN_ABOUT_RETURN_TYPE = YES_ERROR;
				GCC_WARN_UNDECLARED_SELECTOR = YES;
				GCC_WARN_UNINITIALIZED_AUTOS = YES_AGGRESSIVE;
				GCC_WARN_UNUSED_FUNCTION = YES;
				GCC_WARN_UNUSED_VARIABLE = YES;
				IPHONEOS_DEPLOYMENT_TARGET = 8.1;
				MTL_ENABLE_DEBUG_INFO = NO;
				SDKROOT = iphoneos;
				VALIDATE_PRODUCT = YES;
			};
			name = Release;
		};
		0B2FEA641A87AF30006DA50E /* Debug */ = {
			isa = XCBuildConfiguration;
			buildSettings = {
				ASSETCATALOG_COMPILER_APPICON_NAME = AppIcon;
				INFOPLIST_FILE = webView/Info.plist;
				LD_RUNPATH_SEARCH_PATHS = "$(inherited) @executable_path/Frameworks";
				PRODUCT_NAME = "$(TARGET_NAME)";
			};
			name = Debug;
		};
		0B2FEA651A87AF30006DA50E /* Release */ = {
			isa = XCBuildConfiguration;
			buildSettings = {
				ASSETCATALOG_COMPILER_APPICON_NAME = AppIcon;
				INFOPLIST_FILE = webView/Info.plist;
				LD_RUNPATH_SEARCH_PATHS = "$(inherited) @executable_path/Frameworks";
				PRODUCT_NAME = "$(TARGET_NAME)";
			};
			name = Release;
		};
		0B2FEA671A87AF30006DA50E /* Debug */ = {
			isa = XCBuildConfiguration;
			buildSettings = {
				BUNDLE_LOADER = "$(TEST_HOST)";
				FRAMEWORK_SEARCH_PATHS = (
					"$(SDKROOT)/Developer/Library/Frameworks",
					"$(inherited)",
				);
				GCC_PREPROCESSOR_DEFINITIONS = (
					"DEBUG=1",
					"$(inherited)",
				);
				INFOPLIST_FILE = webViewTests/Info.plist;
				LD_RUNPATH_SEARCH_PATHS = "$(inherited) @executable_path/Frameworks @loader_path/Frameworks";
				PRODUCT_NAME = "$(TARGET_NAME)";
				TEST_HOST = "$(BUILT_PRODUCTS_DIR)/webView.app/webView";
			};
			name = Debug;
		};
		0B2FEA681A87AF30006DA50E /* Release */ = {
			isa = XCBuildConfiguration;
			buildSettings = {
				BUNDLE_LOADER = "$(TEST_HOST)";
				FRAMEWORK_SEARCH_PATHS = (
					"$(SDKROOT)/Developer/Library/Frameworks",
					"$(inherited)",
				);
				INFOPLIST_FILE = webViewTests/Info.plist;
				LD_RUNPATH_SEARCH_PATHS = "$(inherited) @executable_path/Frameworks @loader_path/Frameworks";
				PRODUCT_NAME = "$(TARGET_NAME)";
				TEST_HOST = "$(BUILT_PRODUCTS_DIR)/webView.app/webView";
			};
			name = Release;
		};
/* End XCBuildConfiguration section */

/* Begin XCConfigurationList section */
		0B2FEA3B1A87AF30006DA50E /* Build configuration list for PBXProject "webView" */ = {
			isa = XCConfigurationList;
			buildConfigurations = (
				0B2FEA611A87AF30006DA50E /* Debug */,
				0B2FEA621A87AF30006DA50E /* Release */,
			);
			defaultConfigurationIsVisible = 0;
			defaultConfigurationName = Release;
		};
		0B2FEA631A87AF30006DA50E /* Build configuration list for PBXNativeTarget "webView" */ = {
			isa = XCConfigurationList;
			buildConfigurations = (
				0B2FEA641A87AF30006DA50E /* Debug */,
				0B2FEA651A87AF30006DA50E /* Release */,
			);
			defaultConfigurationIsVisible = 0;
		};
		0B2FEA661A87AF30006DA50E /* Build configuration list for PBXNativeTarget "webViewTests" */ = {
			isa = XCConfigurationList;
			buildConfigurations = (
				0B2FEA671A87AF30006DA50E /* Debug */,
				0B2FEA681A87AF30006DA50E /* Release */,
			);
			defaultConfigurationIsVisible = 0;
		};
/* End XCConfigurationList section */
	};
	rootObject = 0B2FEA381A87AF30006DA50E /* Project object */;
}
